
Microsoft Visual Studio Solution File, Format Version 12.00
# Visual Studio Version 16
VisualStudioVersion = 16.0.29409.12
MinimumVisualStudioVersion = 10.0.40219.1
Project("{9A19103F-16F7-4668-BE54-9A1E7A4F7556}") = "notifer.api", "src\notifer.api\notifer.api.csproj", "{EFE57F85-63BC-43D4-B7C8-C66EF8986228}"
EndProject
Project("{FAE04EC0-301F-11D3-BF4B-00C04F79EFBC}") = "notifier.dal", "src\notifier.dal\notifier.dal.csproj", "{317E8920-3380-40B0-A158-2F33DE9C177B}"
EndProject
Project("{FAE04EC0-301F-11D3-BF4B-00C04F79EFBC}") = "notifier.bl", "src\notifier.bl\notifier.bl.csproj", "{BE745DAA-FA64-4A1C-9074-37D528CF743A}"
EndProject
Global
	GlobalSection(SolutionConfigurationPlatforms) = preSolution
		Debug|Any CPU = Debug|Any CPU
		Release|Any CPU = Release|Any CPU
	EndGlobalSection
	GlobalSection(ProjectConfigurationPlatforms) = postSolution
		{EFE57F85-63BC-43D4-B7C8-C66EF8986228}.Debug|Any CPU.ActiveCfg = Debug|Any CPU
		{EFE57F85-63BC-43D4-B7C8-C66EF8986228}.Debug|Any CPU.Build.0 = Debug|Any CPU
		{EFE57F85-63BC-43D4-B7C8-C66EF8986228}.Release|Any CPU.ActiveCfg = Release|Any CPU
		{EFE57F85-63BC-43D4-B7C8-C66EF8986228}.Release|Any CPU.Build.0 = Release|Any CPU
		{317E8920-3380-40B0-A158-2F33DE9C177B}.Debug|Any CPU.ActiveCfg = Debug|Any CPU
		{317E8920-3380-40B0-A158-2F33DE9C177B}.Debug|Any CPU.Build.0 = Debug|Any CPU
		{317E8920-3380-40B0-A158-2F33DE9C177B}.Release|Any CPU.ActiveCfg = Release|Any CPU
		{317E8920-3380-40B0-A158-2F33DE9C177B}.Release|Any CPU.Build.0 = Release|Any CPU
		{BE745DAA-FA64-4A1C-9074-37D528CF743A}.Debug|Any CPU.ActiveCfg = Debug|Any CPU
		{BE745DAA-FA64-4A1C-9074-37D528CF743A}.Debug|Any CPU.Build.0 = Debug|Any CPU
		{BE745DAA-FA64-4A1C-9074-37D528CF743A}.Release|Any CPU.ActiveCfg = Release|Any CPU
		{BE745DAA-FA64-4A1C-9074-37D528CF743A}.Release|Any CPU.Build.0 = Release|Any CPU
	EndGlobalSection
	GlobalSection(SolutionProperties) = preSolution
		HideSolutionNode = FALSE
	EndGlobalSection
	GlobalSection(ExtensibilityGlobals) = postSolution
		SolutionGuid = {BB8F5416-517E-418F-9278-BD26C0BC8531}
	EndGlobalSection
EndGlobal
